{
  "name": "@ko_kr/text",
  "version": "0.1.1",
  "lockfileVersion": 2,
  "requires": true,
  "packages": {
    "": {
      "name": "@ko_kr/text",
      "version": "0.1.0",
      "license": "MIT",
      "dependencies": {
        "jongseong": "^0.4.2"
      }
    },
    "node_modules/jongseong": {
      "version": "0.4.2",
      "resolved": "https://registry.npmjs.org/jongseong/-/jongseong-0.4.2.tgz",
      "integrity": "sha1-UAjBMzKCklcwTFRkH1UAh9L0yqk="
    }
  },
  "dependencies": {
    "jongseong": {
      "version": "0.4.2",
      "resolved": "https://registry.npmjs.org/jongseong/-/jongseong-0.4.2.tgz",
      "integrity": "sha1-UAjBMzKCklcwTFRkH1UAh9L0yqk="
    }
  }
}
